
Microsoft Visual Studio Solution File, Format Version 12.00
# Visual Studio Version 17
VisualStudioVersion = 17.10.34607.79
MinimumVisualStudioVersion = 10.0.40219.1
Project("{FAE04EC0-301F-11D3-BF4B-00C04F79EFBC}") = "Battle Of Tanks", "Battle Of Tanks\Battle Of Tanks.csproj", "{39BC8124-CD49-4C8B-ACC5-98BA0E086405}"
EndProject
Project("{FAE04EC0-301F-11D3-BF4B-00C04F79EFBC}") = "Battle Of Tanks Lib", "Battle Of Tanks Lib\Battle Of Tanks Lib.csproj", "{A13F0FCC-4BAE-4D3B-8413-11CA5EB5F932}"
EndProject
Global
	GlobalSection(SolutionConfigurationPlatforms) = preSolution
		Debug|Any CPU = Debug|Any CPU
		Release|Any CPU = Release|Any CPU
	EndGlobalSection
	GlobalSection(ProjectConfigurationPlatforms) = postSolution
		{39BC8124-CD49-4C8B-ACC5-98BA0E086405}.Debug|Any CPU.ActiveCfg = Debug|Any CPU
		{39BC8124-CD49-4C8B-ACC5-98BA0E086405}.Debug|Any CPU.Build.0 = Debug|Any CPU
		{39BC8124-CD49-4C8B-ACC5-98BA0E086405}.Release|Any CPU.ActiveCfg = Release|Any CPU
		{39BC8124-CD49-4C8B-ACC5-98BA0E086405}.Release|Any CPU.Build.0 = Release|Any CPU
		{A13F0FCC-4BAE-4D3B-8413-11CA5EB5F932}.Debug|Any CPU.ActiveCfg = Debug|Any CPU
		{A13F0FCC-4BAE-4D3B-8413-11CA5EB5F932}.Debug|Any CPU.Build.0 = Debug|Any CPU
		{A13F0FCC-4BAE-4D3B-8413-11CA5EB5F932}.Release|Any CPU.ActiveCfg = Release|Any CPU
		{A13F0FCC-4BAE-4D3B-8413-11CA5EB5F932}.Release|Any CPU.Build.0 = Release|Any CPU
	EndGlobalSection
	GlobalSection(SolutionProperties) = preSolution
		HideSolutionNode = FALSE
	EndGlobalSection
	GlobalSection(ExtensibilityGlobals) = postSolution
		SolutionGuid = {20DBEFD1-8C47-481E-AFC0-7A4F3E665CD1}
	EndGlobalSection
EndGlobal
